
Microsoft Visual Studio Solution File, Format Version 12.00
# Visual Studio Version 17
VisualStudioVersion = 17.0.31903.59
MinimumVisualStudioVersion = 10.0.40219.1
Project("{FAE04EC0-301F-11D3-BF4B-00C04F79EFBC}") = "QT1", "QT1\QT1.csproj", "{55519A2E-4345-4862-A6F3-F44F473FE41A}"
EndProject
Project("{FAE04EC0-301F-11D3-BF4B-00C04F79EFBC}") = "QT2", "QT2\QT2.csproj", "{E152D1C6-FBCB-4F13-9A85-5E8411A9AA13}"
EndProject
Project("{FAE04EC0-301F-11D3-BF4B-00C04F79EFBC}") = "QT3", "QT3\QT3.csproj", "{F693E0D0-3AD2-4283-92C4-932027A39187}"
EndProject
Project("{FAE04EC0-301F-11D3-BF4B-00C04F79EFBC}") = "QT4", "QT4\QT4.csproj", "{6AAB6D28-1A72-4180-A3D4-4133A2398B4E}"
EndProject
Project("{FAE04EC0-301F-11D3-BF4B-00C04F79EFBC}") = "QT5", "QT5\QT5.csproj", "{57924F98-995E-42A2-98DD-D9323606414D}"
EndProject
Project("{FAE04EC0-301F-11D3-BF4B-00C04F79EFBC}") = "QT6", "QT6\QT6.csproj", "{B69E0A6C-379F-470F-96DA-3E37FA8E9A00}"
EndProject
Project("{FAE04EC0-301F-11D3-BF4B-00C04F79EFBC}") = "QT7", "QT7\QT7.csproj", "{403FFA46-AD00-479A-A15D-62C116E06E8A}"
EndProject
Project("{FAE04EC0-301F-11D3-BF4B-00C04F79EFBC}") = "QT8", "QT8\QT8.csproj", "{D425B388-E6BC-47B0-96BC-06629AF7051F}"
EndProject
Project("{FAE04EC0-301F-11D3-BF4B-00C04F79EFBC}") = "QT9", "QT9\QT9.csproj", "{1AAB5AE6-F532-4A77-8626-7C07120DC692}"
EndProject
Project("{FAE04EC0-301F-11D3-BF4B-00C04F79EFBC}") = "QT10", "QT10\QT10.csproj", "{4110E4B6-24E7-47B4-8F4B-9B999E958ABD}"
EndProject
Global
	GlobalSection(SolutionConfigurationPlatforms) = preSolution
		Debug|Any CPU = Debug|Any CPU
		Release|Any CPU = Release|Any CPU
	EndGlobalSection
	GlobalSection(SolutionProperties) = preSolution
		HideSolutionNode = FALSE
	EndGlobalSection
	GlobalSection(ProjectConfigurationPlatforms) = postSolution
		{55519A2E-4345-4862-A6F3-F44F473FE41A}.Debug|Any CPU.ActiveCfg = Debug|Any CPU
		{55519A2E-4345-4862-A6F3-F44F473FE41A}.Debug|Any CPU.Build.0 = Debug|Any CPU
		{55519A2E-4345-4862-A6F3-F44F473FE41A}.Release|Any CPU.ActiveCfg = Release|Any CPU
		{55519A2E-4345-4862-A6F3-F44F473FE41A}.Release|Any CPU.Build.0 = Release|Any CPU
		{E152D1C6-FBCB-4F13-9A85-5E8411A9AA13}.Debug|Any CPU.ActiveCfg = Debug|Any CPU
		{E152D1C6-FBCB-4F13-9A85-5E8411A9AA13}.Debug|Any CPU.Build.0 = Debug|Any CPU
		{E152D1C6-FBCB-4F13-9A85-5E8411A9AA13}.Release|Any CPU.ActiveCfg = Release|Any CPU
		{E152D1C6-FBCB-4F13-9A85-5E8411A9AA13}.Release|Any CPU.Build.0 = Release|Any CPU
		{F693E0D0-3AD2-4283-92C4-932027A39187}.Debug|Any CPU.ActiveCfg = Debug|Any CPU
		{F693E0D0-3AD2-4283-92C4-932027A39187}.Debug|Any CPU.Build.0 = Debug|Any CPU
		{F693E0D0-3AD2-4283-92C4-932027A39187}.Release|Any CPU.ActiveCfg = Release|Any CPU
		{F693E0D0-3AD2-4283-92C4-932027A39187}.Release|Any CPU.Build.0 = Release|Any CPU
		{6AAB6D28-1A72-4180-A3D4-4133A2398B4E}.Debug|Any CPU.ActiveCfg = Debug|Any CPU
		{6AAB6D28-1A72-4180-A3D4-4133A2398B4E}.Debug|Any CPU.Build.0 = Debug|Any CPU
		{6AAB6D28-1A72-4180-A3D4-4133A2398B4E}.Release|Any CPU.ActiveCfg = Release|Any CPU
		{6AAB6D28-1A72-4180-A3D4-4133A2398B4E}.Release|Any CPU.Build.0 = Release|Any CPU
		{57924F98-995E-42A2-98DD-D9323606414D}.Debug|Any CPU.ActiveCfg = Debug|Any CPU
		{57924F98-995E-42A2-98DD-D9323606414D}.Debug|Any CPU.Build.0 = Debug|Any CPU
		{57924F98-995E-42A2-98DD-D9323606414D}.Release|Any CPU.ActiveCfg = Release|Any CPU
		{57924F98-995E-42A2-98DD-D9323606414D}.Release|Any CPU.Build.0 = Release|Any CPU
		{B69E0A6C-379F-470F-96DA-3E37FA8E9A00}.Debug|Any CPU.ActiveCfg = Debug|Any CPU
		{B69E0A6C-379F-470F-96DA-3E37FA8E9A00}.Debug|Any CPU.Build.0 = Debug|Any CPU
		{B69E0A6C-379F-470F-96DA-3E37FA8E9A00}.Release|Any CPU.ActiveCfg = Release|Any CPU
		{B69E0A6C-379F-470F-96DA-3E37FA8E9A00}.Release|Any CPU.Build.0 = Release|Any CPU
		{403FFA46-AD00-479A-A15D-62C116E06E8A}.Debug|Any CPU.ActiveCfg = Debug|Any CPU
		{403FFA46-AD00-479A-A15D-62C116E06E8A}.Debug|Any CPU.Build.0 = Debug|Any CPU
		{403FFA46-AD00-479A-A15D-62C116E06E8A}.Release|Any CPU.ActiveCfg = Release|Any CPU
		{403FFA46-AD00-479A-A15D-62C116E06E8A}.Release|Any CPU.Build.0 = Release|Any CPU
		{D425B388-E6BC-47B0-96BC-06629AF7051F}.Debug|Any CPU.ActiveCfg = Debug|Any CPU
		{D425B388-E6BC-47B0-96BC-06629AF7051F}.Debug|Any CPU.Build.0 = Debug|Any CPU
		{D425B388-E6BC-47B0-96BC-06629AF7051F}.Release|Any CPU.ActiveCfg = Release|Any CPU
		{D425B388-E6BC-47B0-96BC-06629AF7051F}.Release|Any CPU.Build.0 = Release|Any CPU
		{1AAB5AE6-F532-4A77-8626-7C07120DC692}.Debug|Any CPU.ActiveCfg = Debug|Any CPU
		{1AAB5AE6-F532-4A77-8626-7C07120DC692}.Debug|Any CPU.Build.0 = Debug|Any CPU
		{1AAB5AE6-F532-4A77-8626-7C07120DC692}.Release|Any CPU.ActiveCfg = Release|Any CPU
		{1AAB5AE6-F532-4A77-8626-7C07120DC692}.Release|Any CPU.Build.0 = Release|Any CPU
		{4110E4B6-24E7-47B4-8F4B-9B999E958ABD}.Debug|Any CPU.ActiveCfg = Debug|Any CPU
		{4110E4B6-24E7-47B4-8F4B-9B999E958ABD}.Debug|Any CPU.Build.0 = Debug|Any CPU
		{4110E4B6-24E7-47B4-8F4B-9B999E958ABD}.Release|Any CPU.ActiveCfg = Release|Any CPU
		{4110E4B6-24E7-47B4-8F4B-9B999E958ABD}.Release|Any CPU.Build.0 = Release|Any CPU
	EndGlobalSection
EndGlobal
